# Code generated by scarb DO NOT EDIT.
version = 1

[[package]]
name = "dojo"
version = "0.2.1"
source = "git+https://github.com/dojoengine/dojo?tag=v0.2.2#47c0cbcfa4ebd4d4b504ec959fdbcfd3e4271e8a"
dependencies = [
 "dojo_plugin",
]

[[package]]
name = "dojo_plugin"
version = "0.4.1"
source = "git+https://github.com/dojoengine/dojo#34b13caa785c1149558d28f1a9d9fbd700c4aa2d"

[[package]]
name = "starkhack"
version = "0.1.0"
dependencies = [
 "dojo",
]
